
Microsoft Visual Studio Solution File, Format Version 12.00
# Visual Studio 15
VisualStudioVersion = 15.0.27004.2009
MinimumVisualStudioVersion = 10.0.40219.1
Project("{FAE04EC0-301F-11D3-BF4B-00C04F79EFBC}") = "ConsoleApp", "ConsoleApp\ConsoleApp.csproj", "{99D6EA9C-E998-4A6D-8B89-AB91DD77E099}"
EndProject
Project("{FAE04EC0-301F-11D3-BF4B-00C04F79EFBC}") = "DynamicProgramming", "DynamicProgramming\DynamicProgramming.csproj", "{1C9AF597-B5BB-4EE8-91D2-7FF9428908A2}"
EndProject
Global
	GlobalSection(SolutionConfigurationPlatforms) = preSolution
		Debug|Any CPU = Debug|Any CPU
		Release|Any CPU = Release|Any CPU
	EndGlobalSection
	GlobalSection(ProjectConfigurationPlatforms) = postSolution
		{99D6EA9C-E998-4A6D-8B89-AB91DD77E099}.Debug|Any CPU.ActiveCfg = Debug|Any CPU
		{99D6EA9C-E998-4A6D-8B89-AB91DD77E099}.Debug|Any CPU.Build.0 = Debug|Any CPU
		{99D6EA9C-E998-4A6D-8B89-AB91DD77E099}.Release|Any CPU.ActiveCfg = Release|Any CPU
		{99D6EA9C-E998-4A6D-8B89-AB91DD77E099}.Release|Any CPU.Build.0 = Release|Any CPU
		{1C9AF597-B5BB-4EE8-91D2-7FF9428908A2}.Debug|Any CPU.ActiveCfg = Debug|Any CPU
		{1C9AF597-B5BB-4EE8-91D2-7FF9428908A2}.Debug|Any CPU.Build.0 = Debug|Any CPU
		{1C9AF597-B5BB-4EE8-91D2-7FF9428908A2}.Release|Any CPU.ActiveCfg = Release|Any CPU
		{1C9AF597-B5BB-4EE8-91D2-7FF9428908A2}.Release|Any CPU.Build.0 = Release|Any CPU
	EndGlobalSection
	GlobalSection(SolutionProperties) = preSolution
		HideSolutionNode = FALSE
	EndGlobalSection
	GlobalSection(ExtensibilityGlobals) = postSolution
		SolutionGuid = {BE99877B-FD16-4FA0-A7AF-F847DC200C84}
	EndGlobalSection
EndGlobal
